
Microsoft Visual Studio Solution File, Format Version 12.00
# Visual Studio Version 16
VisualStudioVersion = 16.0.29926.136
MinimumVisualStudioVersion = 10.0.40219.1
Project("{9A19103F-16F7-4668-BE54-9A1E7A4F7556}") = "Transformalize.Transform.Fluid", "src\Transformalize.Transform.Fluid\Transformalize.Transform.Fluid.csproj", "{80292C7C-75BA-4CDD-920F-324E3137D58B}"
EndProject
Project("{9A19103F-16F7-4668-BE54-9A1E7A4F7556}") = "Test.Unit.Core", "src\Test.Unit.Core\Test.Unit.Core.csproj", "{781CA5BE-D41F-449D-9137-BFC13B55C836}"
EndProject
Project("{2150E333-8FDC-42A3-9474-1A3956D46DE8}") = "Solution Items", "Solution Items", "{1FF2F0B4-B535-4BE7-BE92-2AE4624E6629}"
	ProjectSection(SolutionItems) = preProject
		README.md = README.md
	EndProjectSection
EndProject
Project("{FAE04EC0-301F-11D3-BF4B-00C04F79EFBC}") = "Benchmark.Core", "src\Benchmark.Core\Benchmark.Core.csproj", "{0A436BFB-AFB8-4FDC-B436-22EE07FA9AA9}"
EndProject
Project("{FAE04EC0-301F-11D3-BF4B-00C04F79EFBC}") = "Transformalize.Transform.Fluid.Autofac", "src\Transformalize.Transform.Fluid.Autofac\Transformalize.Transform.Fluid.Autofac.csproj", "{08B6562F-D629-4DDD-AB22-210EE940C8DA}"
EndProject
Project("{FAE04EC0-301F-11D3-BF4B-00C04F79EFBC}") = "Test.Integration.Core", "src\Test.Integration.Core\Test.Integration.Core.csproj", "{EB0290E8-FF53-4CD9-B920-16A1C66657F4}"
EndProject
Global
	GlobalSection(SolutionConfigurationPlatforms) = preSolution
		Debug|Any CPU = Debug|Any CPU
		Release|Any CPU = Release|Any CPU
	EndGlobalSection
	GlobalSection(ProjectConfigurationPlatforms) = postSolution
		{80292C7C-75BA-4CDD-920F-324E3137D58B}.Debug|Any CPU.ActiveCfg = Debug|Any CPU
		{80292C7C-75BA-4CDD-920F-324E3137D58B}.Debug|Any CPU.Build.0 = Debug|Any CPU
		{80292C7C-75BA-4CDD-920F-324E3137D58B}.Release|Any CPU.ActiveCfg = Release|Any CPU
		{80292C7C-75BA-4CDD-920F-324E3137D58B}.Release|Any CPU.Build.0 = Release|Any CPU
		{781CA5BE-D41F-449D-9137-BFC13B55C836}.Debug|Any CPU.ActiveCfg = Debug|Any CPU
		{781CA5BE-D41F-449D-9137-BFC13B55C836}.Debug|Any CPU.Build.0 = Debug|Any CPU
		{781CA5BE-D41F-449D-9137-BFC13B55C836}.Release|Any CPU.ActiveCfg = Release|Any CPU
		{781CA5BE-D41F-449D-9137-BFC13B55C836}.Release|Any CPU.Build.0 = Release|Any CPU
		{0A436BFB-AFB8-4FDC-B436-22EE07FA9AA9}.Debug|Any CPU.ActiveCfg = Debug|Any CPU
		{0A436BFB-AFB8-4FDC-B436-22EE07FA9AA9}.Debug|Any CPU.Build.0 = Debug|Any CPU
		{0A436BFB-AFB8-4FDC-B436-22EE07FA9AA9}.Release|Any CPU.ActiveCfg = Release|Any CPU
		{0A436BFB-AFB8-4FDC-B436-22EE07FA9AA9}.Release|Any CPU.Build.0 = Release|Any CPU
		{08B6562F-D629-4DDD-AB22-210EE940C8DA}.Debug|Any CPU.ActiveCfg = Debug|Any CPU
		{08B6562F-D629-4DDD-AB22-210EE940C8DA}.Debug|Any CPU.Build.0 = Debug|Any CPU
		{08B6562F-D629-4DDD-AB22-210EE940C8DA}.Release|Any CPU.ActiveCfg = Release|Any CPU
		{08B6562F-D629-4DDD-AB22-210EE940C8DA}.Release|Any CPU.Build.0 = Release|Any CPU
		{EB0290E8-FF53-4CD9-B920-16A1C66657F4}.Debug|Any CPU.ActiveCfg = Debug|Any CPU
		{EB0290E8-FF53-4CD9-B920-16A1C66657F4}.Debug|Any CPU.Build.0 = Debug|Any CPU
		{EB0290E8-FF53-4CD9-B920-16A1C66657F4}.Release|Any CPU.ActiveCfg = Release|Any CPU
		{EB0290E8-FF53-4CD9-B920-16A1C66657F4}.Release|Any CPU.Build.0 = Release|Any CPU
	EndGlobalSection
	GlobalSection(SolutionProperties) = preSolution
		HideSolutionNode = FALSE
	EndGlobalSection
	GlobalSection(ExtensibilityGlobals) = postSolution
		SolutionGuid = {4CE9CC18-D081-43CF-8926-8D3AD1432FE2}
	EndGlobalSection
EndGlobal
