
Microsoft Visual Studio Solution File, Format Version 12.00
# Visual Studio Version 16
VisualStudioVersion = 16.0.29926.136
MinimumVisualStudioVersion = 10.0.40219.1
Project("{FAE04EC0-301F-11D3-BF4B-00C04F79EFBC}") = "Transformalize.Transform.Fluid", "src\Transformalize.Transform.Fluid\Transformalize.Transform.Fluid.csproj", "{80292C7C-75BA-4CDD-920F-324E3137D58B}"
EndProject
Project("{FAE04EC0-301F-11D3-BF4B-00C04F79EFBC}") = "Test.Unit.Core", "src\Test.Unit.Core\Test.Unit.Core.csproj", "{781CA5BE-D41F-449D-9137-BFC13B55C836}"
EndProject
Global
	GlobalSection(SolutionConfigurationPlatforms) = preSolution
		Debug|Any CPU = Debug|Any CPU
		Release|Any CPU = Release|Any CPU
	EndGlobalSection
	GlobalSection(ProjectConfigurationPlatforms) = postSolution
		{80292C7C-75BA-4CDD-920F-324E3137D58B}.Debug|Any CPU.ActiveCfg = Debug|Any CPU
		{80292C7C-75BA-4CDD-920F-324E3137D58B}.Debug|Any CPU.Build.0 = Debug|Any CPU
		{80292C7C-75BA-4CDD-920F-324E3137D58B}.Release|Any CPU.ActiveCfg = Release|Any CPU
		{80292C7C-75BA-4CDD-920F-324E3137D58B}.Release|Any CPU.Build.0 = Release|Any CPU
		{781CA5BE-D41F-449D-9137-BFC13B55C836}.Debug|Any CPU.ActiveCfg = Debug|Any CPU
		{781CA5BE-D41F-449D-9137-BFC13B55C836}.Debug|Any CPU.Build.0 = Debug|Any CPU
		{781CA5BE-D41F-449D-9137-BFC13B55C836}.Release|Any CPU.ActiveCfg = Release|Any CPU
		{781CA5BE-D41F-449D-9137-BFC13B55C836}.Release|Any CPU.Build.0 = Release|Any CPU
	EndGlobalSection
	GlobalSection(SolutionProperties) = preSolution
		HideSolutionNode = FALSE
	EndGlobalSection
	GlobalSection(ExtensibilityGlobals) = postSolution
		SolutionGuid = {4CE9CC18-D081-43CF-8926-8D3AD1432FE2}
	EndGlobalSection
EndGlobal
